
Microsoft Visual Studio Solution File, Format Version 12.00
# Visual Studio Version 17
VisualStudioVersion = 17.10.34916.146
MinimumVisualStudioVersion = 10.0.40219.1
Project("{FAE04EC0-301F-11D3-BF4B-00C04F79EFBC}") = "TpIntegrador_Grupo_3A", "TpIntegrador_Grupo_3A\TpIntegrador_Grupo_3A.csproj", "{4ADD8212-E9EA-4D69-9C2D-920F4C5C8A00}"
EndProject
Project("{FAE04EC0-301F-11D3-BF4B-00C04F79EFBC}") = "DataAccessService", "DataAccess\DataAccessService.csproj", "{D25ECE2B-D78D-41B9-A075-C1BD662DE33C}"
EndProject
Project("{FAE04EC0-301F-11D3-BF4B-00C04F79EFBC}") = "Model", "Model\Model.csproj", "{6AD9A665-5416-408A-9ACD-B4FFB8E39022}"
EndProject
Project("{FAE04EC0-301F-11D3-BF4B-00C04F79EFBC}") = "Business", "Business\Business.csproj", "{03A98043-7966-4B9D-A7D2-BE1B393DB6A7}"
EndProject
Project("{FAE04EC0-301F-11D3-BF4B-00C04F79EFBC}") = "Security", "Security\Security.csproj", "{4EBC283F-E343-4051-B101-E01734B37227}"
EndProject
Global
	GlobalSection(SolutionConfigurationPlatforms) = preSolution
		Debug|Any CPU = Debug|Any CPU
		Release|Any CPU = Release|Any CPU
	EndGlobalSection
	GlobalSection(ProjectConfigurationPlatforms) = postSolution
		{4ADD8212-E9EA-4D69-9C2D-920F4C5C8A00}.Debug|Any CPU.ActiveCfg = Debug|Any CPU
		{4ADD8212-E9EA-4D69-9C2D-920F4C5C8A00}.Debug|Any CPU.Build.0 = Debug|Any CPU
		{4ADD8212-E9EA-4D69-9C2D-920F4C5C8A00}.Release|Any CPU.ActiveCfg = Release|Any CPU
		{4ADD8212-E9EA-4D69-9C2D-920F4C5C8A00}.Release|Any CPU.Build.0 = Release|Any CPU
		{D25ECE2B-D78D-41B9-A075-C1BD662DE33C}.Debug|Any CPU.ActiveCfg = Debug|Any CPU
		{D25ECE2B-D78D-41B9-A075-C1BD662DE33C}.Debug|Any CPU.Build.0 = Debug|Any CPU
		{D25ECE2B-D78D-41B9-A075-C1BD662DE33C}.Release|Any CPU.ActiveCfg = Release|Any CPU
		{D25ECE2B-D78D-41B9-A075-C1BD662DE33C}.Release|Any CPU.Build.0 = Release|Any CPU
		{6AD9A665-5416-408A-9ACD-B4FFB8E39022}.Debug|Any CPU.ActiveCfg = Debug|Any CPU
		{6AD9A665-5416-408A-9ACD-B4FFB8E39022}.Debug|Any CPU.Build.0 = Debug|Any CPU
		{6AD9A665-5416-408A-9ACD-B4FFB8E39022}.Release|Any CPU.ActiveCfg = Release|Any CPU
		{6AD9A665-5416-408A-9ACD-B4FFB8E39022}.Release|Any CPU.Build.0 = Release|Any CPU
		{03A98043-7966-4B9D-A7D2-BE1B393DB6A7}.Debug|Any CPU.ActiveCfg = Debug|Any CPU
		{03A98043-7966-4B9D-A7D2-BE1B393DB6A7}.Debug|Any CPU.Build.0 = Debug|Any CPU
		{03A98043-7966-4B9D-A7D2-BE1B393DB6A7}.Release|Any CPU.ActiveCfg = Release|Any CPU
		{03A98043-7966-4B9D-A7D2-BE1B393DB6A7}.Release|Any CPU.Build.0 = Release|Any CPU
		{4EBC283F-E343-4051-B101-E01734B37227}.Debug|Any CPU.ActiveCfg = Debug|Any CPU
		{4EBC283F-E343-4051-B101-E01734B37227}.Debug|Any CPU.Build.0 = Debug|Any CPU
		{4EBC283F-E343-4051-B101-E01734B37227}.Release|Any CPU.ActiveCfg = Release|Any CPU
		{4EBC283F-E343-4051-B101-E01734B37227}.Release|Any CPU.Build.0 = Release|Any CPU
	EndGlobalSection
	GlobalSection(SolutionProperties) = preSolution
		HideSolutionNode = FALSE
	EndGlobalSection
	GlobalSection(ExtensibilityGlobals) = postSolution
		SolutionGuid = {0B253277-6361-4AB1-AFC7-E6E8BFDB34AA}
	EndGlobalSection
EndGlobal
